
Microsoft Visual Studio Solution File, Format Version 12.00
# Visual Studio Version 16
VisualStudioVersion = 16.0.30204.135
MinimumVisualStudioVersion = 10.0.40219.1
Project("{888888A0-9F3D-457C-B088-3A5042F75D52}") = "Gmail generator", "Gmail generator\Gmail generator.pyproj", "{C2A78195-1DBC-4C98-A31C-2B0E37113D95}"
EndProject
Global
	GlobalSection(SolutionConfigurationPlatforms) = preSolution
		Debug|Any CPU = Debug|Any CPU
		Release|Any CPU = Release|Any CPU
	EndGlobalSection
	GlobalSection(ProjectConfigurationPlatforms) = postSolution
		{C2A78195-1DBC-4C98-A31C-2B0E37113D95}.Debug|Any CPU.ActiveCfg = Debug|Any CPU
		{C2A78195-1DBC-4C98-A31C-2B0E37113D95}.Release|Any CPU.ActiveCfg = Release|Any CPU
	EndGlobalSection
	GlobalSection(SolutionProperties) = preSolution
		HideSolutionNode = FALSE
	EndGlobalSection
	GlobalSection(ExtensibilityGlobals) = postSolution
		SolutionGuid = {DC72BB54-3912-40A0-AD3B-7293ACC5DCB7}
	EndGlobalSection
EndGlobal
